// !$*UTF8*$!
{
	archiveVersion = 1;
	classes = {
	};
	objectVersion = 56;
	objects = {

/* Begin PBXBuildFile section */
		4473AA652A84637B009BA798 /* RideShareApp.swift in Sources */ = {isa = PBXBuildFile; fileRef = 4473AA642A84637B009BA798 /* RideShareApp.swift */; };
		4473AA672A84637B009BA798 /* ContentView.swift in Sources */ = {isa = PBXBuildFile; fileRef = 4473AA662A84637B009BA798 /* ContentView.swift */; };
		4473AA692A84637D009BA798 /* Assets.xcassets in Resources */ = {isa = PBXBuildFile; fileRef = 4473AA682A84637D009BA798 /* Assets.xcassets */; };
		4473AA6C2A84637D009BA798 /* Preview Assets.xcassets in Resources */ = {isa = PBXBuildFile; fileRef = 4473AA6B2A84637D009BA798 /* Preview Assets.xcassets */; };
		4473AA762A84637E009BA798 /* RideShareTests.swift in Sources */ = {isa = PBXBuildFile; fileRef = 4473AA752A84637E009BA798 /* RideShareTests.swift */; };
		4473AA802A84637E009BA798 /* RideShareUITests.swift in Sources */ = {isa = PBXBuildFile; fileRef = 4473AA7F2A84637E009BA798 /* RideShareUITests.swift */; };
		4473AA822A84637E009BA798 /* RideShareUITestsLaunchTests.swift in Sources */ = {isa = PBXBuildFile; fileRef = 4473AA812A84637E009BA798 /* RideShareUITestsLaunchTests.swift */; };
/* End PBXBuildFile section */

/* Begin PBXContainerItemProxy section */
		4473AA722A84637E009BA798 /* PBXContainerItemProxy */ = {
			isa = PBXContainerItemProxy;
			containerPortal = 4473AA592A84637B009BA798 /* Project object */;
			proxyType = 1;
			remoteGlobalIDString = 4473AA602A84637B009BA798;
			remoteInfo = RideShare;
		};
		4473AA7C2A84637E009BA798 /* PBXContainerItemProxy */ = {
			isa = PBXContainerItemProxy;
			containerPortal = 4473AA592A84637B009BA798 /* Project object */;
			proxyType = 1;
			remoteGlobalIDString = 4473AA602A84637B009BA798;
			remoteInfo = RideShare;
		};
/* End PBXContainerItemProxy section */

/* Begin PBXFileReference section */
		4473AA612A84637B009BA798 /* RideShare.app */ = {isa = PBXFileReference; explicitFileType = wrapper.application; includeInIndex = 0; path = RideShare.app; sourceTree = BUILT_PRODUCTS_DIR; };
		4473AA642A84637B009BA798 /* RideShareApp.swift */ = {isa = PBXFileReference; lastKnownFileType = sourcecode.swift; path = RideShareApp.swift; sourceTree = "<group>"; };
		4473AA662A84637B009BA798 /* ContentView.swift */ = {isa = PBXFileReference; lastKnownFileType = sourcecode.swift; path = ContentView.swift; sourceTree = "<group>"; };
		4473AA682A84637D009BA798 /* Assets.xcassets */ = {isa = PBXFileReference; lastKnownFileType = folder.assetcatalog; path = Assets.xcassets; sourceTree = "<group>"; };
		4473AA6B2A84637D009BA798 /* Preview Assets.xcassets */ = {isa = PBXFileReference; lastKnownFileType = folder.assetcatalog; path = "Preview Assets.xcassets"; sourceTree = "<group>"; };
		4473AA712A84637E009BA798 /* RideShareTests.xctest */ = {isa = PBXFileReference; explicitFileType = wrapper.cfbundle; includeInIndex = 0; path = RideShareTests.xctest; sourceTree = BUILT_PRODUCTS_DIR; };
		4473AA752A84637E009BA798 /* RideShareTests.swift */ = {isa = PBXFileReference; lastKnownFileType = sourcecode.swift; path = RideShareTests.swift; sourceTree = "<group>"; };
		4473AA7B2A84637E009BA798 /* RideShareUITests.xctest */ = {isa = PBXFileReference; explicitFileType = wrapper.cfbundle; includeInIndex = 0; path = RideShareUITests.xctest; sourceTree = BUILT_PRODUCTS_DIR; };
		4473AA7F2A84637E009BA798 /* RideShareUITests.swift */ = {isa = PBXFileReference; lastKnownFileType = sourcecode.swift; path = RideShareUITests.swift; sourceTree = "<group>"; };
		4473AA812A84637E009BA798 /* RideShareUITestsLaunchTests.swift */ = {isa = PBXFileReference; lastKnownFileType = sourcecode.swift; path = RideShareUITestsLaunchTests.swift; sourceTree = "<group>"; };
/* End PBXFileReference section */

/* Begin PBXFrameworksBuildPhase section */
		4473AA5E2A84637B009BA798 /* Frameworks */ = {
			isa = PBXFrameworksBuildPhase;
			buildActionMask = 2147483647;
			files = (
			);
			runOnlyForDeploymentPostprocessing = 0;
		};
		4473AA6E2A84637E009BA798 /* Frameworks */ = {
			isa = PBXFrameworksBuildPhase;
			buildActionMask = 2147483647;
			files = (
			);
			runOnlyForDeploymentPostprocessing = 0;
		};
		4473AA782A84637E009BA798 /* Frameworks */ = {
			isa = PBXFrameworksBuildPhase;
			buildActionMask = 2147483647;
			files = (
			);
			runOnlyForDeploymentPostprocessing = 0;
		};
/* End PBXFrameworksBuildPhase section */

/* Begin PBXGroup section */
		4473AA582A84637B009BA798 = {
			isa = PBXGroup;
			children = (
				4473AA632A84637B009BA798 /* RideShare */,
				4473AA742A84637E009BA798 /* RideShareTests */,
				4473AA7E2A84637E009BA798 /* RideShareUITests */,
				4473AA622A84637B009BA798 /* Products */,
			);
			sourceTree = "<group>";
		};
		4473AA622A84637B009BA798 /* Products */ = {
			isa = PBXGroup;
			children = (
				4473AA612A84637B009BA798 /* RideShare.app */,
				4473AA712A84637E009BA798 /* RideShareTests.xctest */,
				4473AA7B2A84637E009BA798 /* RideShareUITests.xctest */,
			);
			name = Products;
			sourceTree = "<group>";
		};
		4473AA632A84637B009BA798 /* RideShare */ = {
			isa = PBXGroup;
			children = (
				4473AA642A84637B009BA798 /* RideShareApp.swift */,
				4473AA662A84637B009BA798 /* ContentView.swift */,
				4473AA682A84637D009BA798 /* Assets.xcassets */,
				4473AA6A2A84637D009BA798 /* Preview Content */,
			);
			path = RideShare;
			sourceTree = "<group>";
		};
		4473AA6A2A84637D009BA798 /* Preview Content */ = {
			isa = PBXGroup;
			children = (
				4473AA6B2A84637D009BA798 /* Preview Assets.xcassets */,
			);
			path = "Preview Content";
			sourceTree = "<group>";
		};
		4473AA742A84637E009BA798 /* RideShareTests */ = {
			isa = PBXGroup;
			children = (
				4473AA752A84637E009BA798 /* RideShareTests.swift */,
			);
			path = RideShareTests;
			sourceTree = "<group>";
		};
		4473AA7E2A84637E009BA798 /* RideShareUITests */ = {
			isa = PBXGroup;
			children = (
				4473AA7F2A84637E009BA798 /* RideShareUITests.swift */,
				4473AA812A84637E009BA798 /* RideShareUITestsLaunchTests.swift */,
			);
			path = RideShareUITests;
			sourceTree = "<group>";
		};
/* End PBXGroup section */

/* Begin PBXNativeTarget section */
		4473AA602A84637B009BA798 /* RideShare */ = {
			isa = PBXNativeTarget;
			buildConfigurationList = 4473AA852A84637E009BA798 /* Build configuration list for PBXNativeTarget "RideShare" */;
			buildPhases = (
				4473AA5D2A84637B009BA798 /* Sources */,
				4473AA5E2A84637B009BA798 /* Frameworks */,
				4473AA5F2A84637B009BA798 /* Resources */,
			);
			buildRules = (
			);
			dependencies = (
			);
			name = RideShare;
			productName = RideShare;
			productReference = 4473AA612A84637B009BA798 /* RideShare.app */;
			productType = "com.apple.product-type.application";
		};
		4473AA702A84637E009BA798 /* RideShareTests */ = {
			isa = PBXNativeTarget;
			buildConfigurationList = 4473AA882A84637E009BA798 /* Build configuration list for PBXNativeTarget "RideShareTests" */;
			buildPhases = (
				4473AA6D2A84637E009BA798 /* Sources */,
				4473AA6E2A84637E009BA798 /* Frameworks */,
				4473AA6F2A84637E009BA798 /* Resources */,
			);
			buildRules = (
			);
			dependencies = (
				4473AA732A84637E009BA798 /* PBXTargetDependency */,
			);
			name = RideShareTests;
			productName = RideShareTests;
			productReference = 4473AA712A84637E009BA798 /* RideShareTests.xctest */;
			productType = "com.apple.product-type.bundle.unit-test";
		};
		4473AA7A2A84637E009BA798 /* RideShareUITests */ = {
			isa = PBXNativeTarget;
			buildConfigurationList = 4473AA8B2A84637E009BA798 /* Build configuration list for PBXNativeTarget "RideShareUITests" */;
			buildPhases = (
				4473AA772A84637E009BA798 /* Sources */,
				4473AA782A84637E009BA798 /* Frameworks */,
				4473AA792A84637E009BA798 /* Resources */,
			);
			buildRules = (
			);
			dependencies = (
				4473AA7D2A84637E009BA798 /* PBXTargetDependency */,
			);
			name = RideShareUITests;
			productName = RideShareUITests;
			productReference = 4473AA7B2A84637E009BA798 /* RideShareUITests.xctest */;
			productType = "com.apple.product-type.bundle.ui-testing";
		};
/* End PBXNativeTarget section */

/* Begin PBXProject section */
		4473AA592A84637B009BA798 /* Project object */ = {
			isa = PBXProject;
			attributes = {
				BuildIndependentTargetsInParallel = 1;
				LastSwiftUpdateCheck = 1430;
				LastUpgradeCheck = 1430;
				TargetAttributes = {
					4473AA602A84637B009BA798 = {
						CreatedOnToolsVersion = 14.3;
					};
					4473AA702A84637E009BA798 = {
						CreatedOnToolsVersion = 14.3;
						TestTargetID = 4473AA602A84637B009BA798;
					};
					4473AA7A2A84637E009BA798 = {
						CreatedOnToolsVersion = 14.3;
						TestTargetID = 4473AA602A84637B009BA798;
					};
				};
			};
			buildConfigurationList = 4473AA5C2A84637B009BA798 /* Build configuration list for PBXProject "RideShare" */;
			compatibilityVersion = "Xcode 14.0";
			developmentRegion = en;
			hasScannedForEncodings = 0;
			knownRegions = (
				en,
				Base,
			);
			mainGroup = 4473AA582A84637B009BA798;
			productRefGroup = 4473AA622A84637B009BA798 /* Products */;
			projectDirPath = "";
			projectRoot = "";
			targets = (
				4473AA602A84637B009BA798 /* RideShare */,
				4473AA702A84637E009BA798 /* RideShareTests */,
				4473AA7A2A84637E009BA798 /* RideShareUITests */,
			);
		};
/* End PBXProject section */

/* Begin PBXResourcesBuildPhase section */
		4473AA5F2A84637B009BA798 /* Resources */ = {
			isa = PBXResourcesBuildPhase;
			buildActionMask = 2147483647;
			files = (
				4473AA6C2A84637D009BA798 /* Preview Assets.xcassets in Resources */,
				4473AA692A84637D009BA798 /* Assets.xcassets in Resources */,
			);
			runOnlyForDeploymentPostprocessing = 0;
		};
		4473AA6F2A84637E009BA798 /* Resources */ = {
			isa = PBXResourcesBuildPhase;
			buildActionMask = 2147483647;
			files = (
			);
			runOnlyForDeploymentPostprocessing = 0;
		};
		4473AA792A84637E009BA798 /* Resources */ = {
			isa = PBXResourcesBuildPhase;
			buildActionMask = 2147483647;
			files = (
			);
			runOnlyForDeploymentPostprocessing = 0;
		};
/* End PBXResourcesBuildPhase section */

/* Begin PBXSourcesBuildPhase section */
		4473AA5D2A84637B009BA798 /* Sources */ = {
			isa = PBXSourcesBuildPhase;
			buildActionMask = 2147483647;
			files = (
				4473AA672A84637B009BA798 /* ContentView.swift in Sources */,
				4473AA652A84637B009BA798 /* RideShareApp.swift in Sources */,
			);
			runOnlyForDeploymentPostprocessing = 0;
		};
		4473AA6D2A84637E009BA798 /* Sources */ = {
			isa = PBXSourcesBuildPhase;
			buildActionMask = 2147483647;
			files = (
				4473AA762A84637E009BA798 /* RideShareTests.swift in Sources */,
			);
			runOnlyForDeploymentPostprocessing = 0;
		};
		4473AA772A84637E009BA798 /* Sources */ = {
			isa = PBXSourcesBuildPhase;
			buildActionMask = 2147483647;
			files = (
				4473AA822A84637E009BA798 /* RideShareUITestsLaunchTests.swift in Sources */,
				4473AA802A84637E009BA798 /* RideShareUITests.swift in Sources */,
			);
			runOnlyForDeploymentPostprocessing = 0;
		};
/* End PBXSourcesBuildPhase section */

/* Begin PBXTargetDependency section */
		4473AA732A84637E009BA798 /* PBXTargetDependency */ = {
			isa = PBXTargetDependency;
			target = 4473AA602A84637B009BA798 /* RideShare */;
			targetProxy = 4473AA722A84637E009BA798 /* PBXContainerItemProxy */;
		};
		4473AA7D2A84637E009BA798 /* PBXTargetDependency */ = {
			isa = PBXTargetDependency;
			target = 4473AA602A84637B009BA798 /* RideShare */;
			targetProxy = 4473AA7C2A84637E009BA798 /* PBXContainerItemProxy */;
		};
/* End PBXTargetDependency section */

/* Begin XCBuildConfiguration section */
		4473AA832A84637E009BA798 /* Debug */ = {
			isa = XCBuildConfiguration;
			buildSettings = {
				ALWAYS_SEARCH_USER_PATHS = NO;
				CLANG_ANALYZER_NONNULL = YES;
				CLANG_ANALYZER_NUMBER_OBJECT_CONVERSION = YES_AGGRESSIVE;
				CLANG_CXX_LANGUAGE_STANDARD = "gnu++20";
				CLANG_ENABLE_MODULES = YES;
				CLANG_ENABLE_OBJC_ARC = YES;
				CLANG_ENABLE_OBJC_WEAK = YES;
				CLANG_WARN_BLOCK_CAPTURE_AUTORELEASING = YES;
				CLANG_WARN_BOOL_CONVERSION = YES;
				CLANG_WARN_COMMA = YES;
				CLANG_WARN_CONSTANT_CONVERSION = YES;
				CLANG_WARN_DEPRECATED_OBJC_IMPLEMENTATIONS = YES;
				CLANG_WARN_DIRECT_OBJC_ISA_USAGE = YES_ERROR;
				CLANG_WARN_DOCUMENTATION_COMMENTS = YES;
				CLANG_WARN_EMPTY_BODY = YES;
				CLANG_WARN_ENUM_CONVERSION = YES;
				CLANG_WARN_INFINITE_RECURSION = YES;
				CLANG_WARN_INT_CONVERSION = YES;
				CLANG_WARN_NON_LITERAL_NULL_CONVERSION = YES;
				CLANG_WARN_OBJC_IMPLICIT_RETAIN_SELF = YES;
				CLANG_WARN_OBJC_LITERAL_CONVERSION = YES;
				CLANG_WARN_OBJC_ROOT_CLASS = YES_ERROR;
				CLANG_WARN_QUOTED_INCLUDE_IN_FRAMEWORK_HEADER = YES;
				CLANG_WARN_RANGE_LOOP_ANALYSIS = YES;
				CLANG_WARN_STRICT_PROTOTYPES = YES;
				CLANG_WARN_SUSPICIOUS_MOVE = YES;
				CLANG_WARN_UNGUARDED_AVAILABILITY = YES_AGGRESSIVE;
				CLANG_WARN_UNREACHABLE_CODE = YES;
				CLANG_WARN__DUPLICATE_METHOD_MATCH = YES;
				COPY_PHASE_STRIP = NO;
				DEBUG_INFORMATION_FORMAT = dwarf;
				ENABLE_STRICT_OBJC_MSGSEND = YES;
				ENABLE_TESTABILITY = YES;
				GCC_C_LANGUAGE_STANDARD = gnu11;
				GCC_DYNAMIC_NO_PIC = NO;
				GCC_NO_COMMON_BLOCKS = YES;
				GCC_OPTIMIZATION_LEVEL = 0;
				GCC_PREPROCESSOR_DEFINITIONS = (
					"DEBUG=1",
					"$(inherited)",
				);
				GCC_WARN_64_TO_32_BIT_CONVERSION = YES;
				GCC_WARN_ABOUT_RETURN_TYPE = YES_ERROR;
				GCC_WARN_UNDECLARED_SELECTOR = YES;
				GCC_WARN_UNINITIALIZED_AUTOS = YES_AGGRESSIVE;
				GCC_WARN_UNUSED_FUNCTION = YES;
				GCC_WARN_UNUSED_VARIABLE = YES;
				IPHONEOS_DEPLOYMENT_TARGET = 16.4;
				MTL_ENABLE_DEBUG_INFO = INCLUDE_SOURCE;
				MTL_FAST_MATH = YES;
				ONLY_ACTIVE_ARCH = YES;
				SDKROOT = iphoneos;
				SWIFT_ACTIVE_COMPILATION_CONDITIONS = DEBUG;
				SWIFT_OPTIMIZATION_LEVEL = "-Onone";
			};
			name = Debug;
		};
		4473AA842A84637E009BA798 /* Release */ = {
			isa = XCBuildConfiguration;
			buildSettings = {
				ALWAYS_SEARCH_USER_PATHS = NO;
				CLANG_ANALYZER_NONNULL = YES;
				CLANG_ANALYZER_NUMBER_OBJECT_CONVERSION = YES_AGGRESSIVE;
				CLANG_CXX_LANGUAGE_STANDARD = "gnu++20";
				CLANG_ENABLE_MODULES = YES;
				CLANG_ENABLE_OBJC_ARC = YES;
				CLANG_ENABLE_OBJC_WEAK = YES;
				CLANG_WARN_BLOCK_CAPTURE_AUTORELEASING = YES;
				CLANG_WARN_BOOL_CONVERSION = YES;
				CLANG_WARN_COMMA = YES;
				CLANG_WARN_CONSTANT_CONVERSION = YES;
				CLANG_WARN_DEPRECATED_OBJC_IMPLEMENTATIONS = YES;
				CLANG_WARN_DIRECT_OBJC_ISA_USAGE = YES_ERROR;
				CLANG_WARN_DOCUMENTATION_COMMENTS = YES;
				CLANG_WARN_EMPTY_BODY = YES;
				CLANG_WARN_ENUM_CONVERSION = YES;
				CLANG_WARN_INFINITE_RECURSION = YES;
				CLANG_WARN_INT_CONVERSION = YES;
				CLANG_WARN_NON_LITERAL_NULL_CONVERSION = YES;
				CLANG_WARN_OBJC_IMPLICIT_RETAIN_SELF = YES;
				CLANG_WARN_OBJC_LITERAL_CONVERSION = YES;
				CLANG_WARN_OBJC_ROOT_CLASS = YES_ERROR;
				CLANG_WARN_QUOTED_INCLUDE_IN_FRAMEWORK_HEADER = YES;
				CLANG_WARN_RANGE_LOOP_ANALYSIS = YES;
				CLANG_WARN_STRICT_PROTOTYPES = YES;
				CLANG_WARN_SUSPICIOUS_MOVE = YES;
				CLANG_WARN_UNGUARDED_AVAILABILITY = YES_AGGRESSIVE;
				CLANG_WARN_UNREACHABLE_CODE = YES;
				CLANG_WARN__DUPLICATE_METHOD_MATCH = YES;
				COPY_PHASE_STRIP = NO;
				DEBUG_INFORMATION_FORMAT = "dwarf-with-dsym";
				ENABLE_NS_ASSERTIONS = NO;
				ENABLE_STRICT_OBJC_MSGSEND = YES;
				GCC_C_LANGUAGE_STANDARD = gnu11;
				GCC_NO_COMMON_BLOCKS = YES;
				GCC_WARN_64_TO_32_BIT_CONVERSION = YES;
				GCC_WARN_ABOUT_RETURN_TYPE = YES_ERROR;
				GCC_WARN_UNDECLARED_SELECTOR = YES;
				GCC_WARN_UNINITIALIZED_AUTOS = YES_AGGRESSIVE;
				GCC_WARN_UNUSED_FUNCTION = YES;
				GCC_WARN_UNUSED_VARIABLE = YES;
				IPHONEOS_DEPLOYMENT_TARGET = 16.4;
				MTL_ENABLE_DEBUG_INFO = NO;
				MTL_FAST_MATH = YES;
				SDKROOT = iphoneos;
				SWIFT_COMPILATION_MODE = wholemodule;
				SWIFT_OPTIMIZATION_LEVEL = "-O";
				VALIDATE_PRODUCT = YES;
			};
			name = Release;
		};
		4473AA862A84637E009BA798 /* Debug */ = {
			isa = XCBuildConfiguration;
			buildSettings = {
				ASSETCATALOG_COMPILER_APPICON_NAME = AppIcon;
				ASSETCATALOG_COMPILER_GLOBAL_ACCENT_COLOR_NAME = AccentColor;
				CODE_SIGN_STYLE = Automatic;
				CURRENT_PROJECT_VERSION = 1;
				DEVELOPMENT_ASSET_PATHS = "\"RideShare/Preview Content\"";
				DEVELOPMENT_TEAM = 78N83B6QPD;
				ENABLE_PREVIEWS = YES;
				GENERATE_INFOPLIST_FILE = YES;
				INFOPLIST_KEY_UIApplicationSceneManifest_Generation = YES;
				INFOPLIST_KEY_UIApplicationSupportsIndirectInputEvents = YES;
				INFOPLIST_KEY_UILaunchScreen_Generation = YES;
				INFOPLIST_KEY_UISupportedInterfaceOrientations_iPad = "UIInterfaceOrientationPortrait UIInterfaceOrientationPortraitUpsideDown UIInterfaceOrientationLandscapeLeft UIInterfaceOrientationLandscapeRight";
				INFOPLIST_KEY_UISupportedInterfaceOrientations_iPhone = "UIInterfaceOrientationPortrait UIInterfaceOrientationLandscapeLeft UIInterfaceOrientationLandscapeRight";
				LD_RUNPATH_SEARCH_PATHS = (
					"$(inherited)",
					"@executable_path/Frameworks",
				);
				MARKETING_VERSION = 1.0;
				PRODUCT_BUNDLE_IDENTIFIER = Rocky.RideShare;
				PRODUCT_NAME = "$(TARGET_NAME)";
				SWIFT_EMIT_LOC_STRINGS = YES;
				SWIFT_VERSION = 5.0;
				TARGETED_DEVICE_FAMILY = "1,2";
			};
			name = Debug;
		};
		4473AA872A84637E009BA798 /* Release */ = {
			isa = XCBuildConfiguration;
			buildSettings = {
				ASSETCATALOG_COMPILER_APPICON_NAME = AppIcon;
				ASSETCATALOG_COMPILER_GLOBAL_ACCENT_COLOR_NAME = AccentColor;
				CODE_SIGN_STYLE = Automatic;
				CURRENT_PROJECT_VERSION = 1;
				DEVELOPMENT_ASSET_PATHS = "\"RideShare/Preview Content\"";
				DEVELOPMENT_TEAM = 78N83B6QPD;
				ENABLE_PREVIEWS = YES;
				GENERATE_INFOPLIST_FILE = YES;
				INFOPLIST_KEY_UIApplicationSceneManifest_Generation = YES;
				INFOPLIST_KEY_UIApplicationSupportsIndirectInputEvents = YES;
				INFOPLIST_KEY_UILaunchScreen_Generation = YES;
				INFOPLIST_KEY_UISupportedInterfaceOrientations_iPad = "UIInterfaceOrientationPortrait UIInterfaceOrientationPortraitUpsideDown UIInterfaceOrientationLandscapeLeft UIInterfaceOrientationLandscapeRight";
				INFOPLIST_KEY_UISupportedInterfaceOrientations_iPhone = "UIInterfaceOrientationPortrait UIInterfaceOrientationLandscapeLeft UIInterfaceOrientationLandscapeRight";
				LD_RUNPATH_SEARCH_PATHS = (
					"$(inherited)",
					"@executable_path/Frameworks",
				);
				MARKETING_VERSION = 1.0;
				PRODUCT_BUNDLE_IDENTIFIER = Rocky.RideShare;
				PRODUCT_NAME = "$(TARGET_NAME)";
				SWIFT_EMIT_LOC_STRINGS = YES;
				SWIFT_VERSION = 5.0;
				TARGETED_DEVICE_FAMILY = "1,2";
			};
			name = Release;
		};
		4473AA892A84637E009BA798 /* Debug */ = {
			isa = XCBuildConfiguration;
			buildSettings = {
				ALWAYS_EMBED_SWIFT_STANDARD_LIBRARIES = YES;
				BUNDLE_LOADER = "$(TEST_HOST)";
				CODE_SIGN_STYLE = Automatic;
				CURRENT_PROJECT_VERSION = 1;
				DEVELOPMENT_TEAM = 78N83B6QPD;
				GENERATE_INFOPLIST_FILE = YES;
				IPHONEOS_DEPLOYMENT_TARGET = 16.4;
				MARKETING_VERSION = 1.0;
				PRODUCT_BUNDLE_IDENTIFIER = Rocky.RideShareTests;
				PRODUCT_NAME = "$(TARGET_NAME)";
				SWIFT_EMIT_LOC_STRINGS = NO;
				SWIFT_VERSION = 5.0;
				TARGETED_DEVICE_FAMILY = "1,2";
				TEST_HOST = "$(BUILT_PRODUCTS_DIR)/RideShare.app/$(BUNDLE_EXECUTABLE_FOLDER_PATH)/RideShare";
			};
			name = Debug;
		};
		4473AA8A2A84637E009BA798 /* Release */ = {
			isa = XCBuildConfiguration;
			buildSettings = {
				ALWAYS_EMBED_SWIFT_STANDARD_LIBRARIES = YES;
				BUNDLE_LOADER = "$(TEST_HOST)";
				CODE_SIGN_STYLE = Automatic;
				CURRENT_PROJECT_VERSION = 1;
				DEVELOPMENT_TEAM = 78N83B6QPD;
				GENERATE_INFOPLIST_FILE = YES;
				IPHONEOS_DEPLOYMENT_TARGET = 16.4;
				MARKETING_VERSION = 1.0;
				PRODUCT_BUNDLE_IDENTIFIER = Rocky.RideShareTests;
				PRODUCT_NAME = "$(TARGET_NAME)";
				SWIFT_EMIT_LOC_STRINGS = NO;
				SWIFT_VERSION = 5.0;
				TARGETED_DEVICE_FAMILY = "1,2";
				TEST_HOST = "$(BUILT_PRODUCTS_DIR)/RideShare.app/$(BUNDLE_EXECUTABLE_FOLDER_PATH)/RideShare";
			};
			name = Release;
		};
		4473AA8C2A84637E009BA798 /* Debug */ = {
			isa = XCBuildConfiguration;
			buildSettings = {
				ALWAYS_EMBED_SWIFT_STANDARD_LIBRARIES = YES;
				CODE_SIGN_STYLE = Automatic;
				CURRENT_PROJECT_VERSION = 1;
				DEVELOPMENT_TEAM = 78N83B6QPD;
				GENERATE_INFOPLIST_FILE = YES;
				MARKETING_VERSION = 1.0;
				PRODUCT_BUNDLE_IDENTIFIER = Rocky.RideShareUITests;
				PRODUCT_NAME = "$(TARGET_NAME)";
				SWIFT_EMIT_LOC_STRINGS = NO;
				SWIFT_VERSION = 5.0;
				TARGETED_DEVICE_FAMILY = "1,2";
				TEST_TARGET_NAME = RideShare;
			};
			name = Debug;
		};
		4473AA8D2A84637E009BA798 /* Release */ = {
			isa = XCBuildConfiguration;
			buildSettings = {
				ALWAYS_EMBED_SWIFT_STANDARD_LIBRARIES = YES;
				CODE_SIGN_STYLE = Automatic;
				CURRENT_PROJECT_VERSION = 1;
				DEVELOPMENT_TEAM = 78N83B6QPD;
				GENERATE_INFOPLIST_FILE = YES;
				MARKETING_VERSION = 1.0;
				PRODUCT_BUNDLE_IDENTIFIER = Rocky.RideShareUITests;
				PRODUCT_NAME = "$(TARGET_NAME)";
				SWIFT_EMIT_LOC_STRINGS = NO;
				SWIFT_VERSION = 5.0;
				TARGETED_DEVICE_FAMILY = "1,2";
				TEST_TARGET_NAME = RideShare;
			};
			name = Release;
		};
/* End XCBuildConfiguration section */

/* Begin XCConfigurationList section */
		4473AA5C2A84637B009BA798 /* Build configuration list for PBXProject "RideShare" */ = {
			isa = XCConfigurationList;
			buildConfigurations = (
				4473AA832A84637E009BA798 /* Debug */,
				4473AA842A84637E009BA798 /* Release */,
			);
			defaultConfigurationIsVisible = 0;
			defaultConfigurationName = Release;
		};
		4473AA852A84637E009BA798 /* Build configuration list for PBXNativeTarget "RideShare" */ = {
			isa = XCConfigurationList;
			buildConfigurations = (
				4473AA862A84637E009BA798 /* Debug */,
				4473AA872A84637E009BA798 /* Release */,
			);
			defaultConfigurationIsVisible = 0;
			defaultConfigurationName = Release;
		};
		4473AA882A84637E009BA798 /* Build configuration list for PBXNativeTarget "RideShareTests" */ = {
			isa = XCConfigurationList;
			buildConfigurations = (
				4473AA892A84637E009BA798 /* Debug */,
				4473AA8A2A84637E009BA798 /* Release */,
			);
			defaultConfigurationIsVisible = 0;
			defaultConfigurationName = Release;
		};
		4473AA8B2A84637E009BA798 /* Build configuration list for PBXNativeTarget "RideShareUITests" */ = {
			isa = XCConfigurationList;
			buildConfigurations = (
				4473AA8C2A84637E009BA798 /* Debug */,
				4473AA8D2A84637E009BA798 /* Release */,
			);
			defaultConfigurationIsVisible = 0;
			defaultConfigurationName = Release;
		};
/* End XCConfigurationList section */
	};
	rootObject = 4473AA592A84637B009BA798 /* Project object */;
}
